
Microsoft Visual Studio Solution File, Format Version 12.00
# Visual Studio 14
VisualStudioVersion = 14.0.25420.1
MinimumVisualStudioVersion = 10.0.40219.1
Project("{FAE04EC0-301F-11D3-BF4B-00C04F79EFBC}") = "Client", "Client\Client.csproj", "{4B4A31E3-0563-4856-AC6D-5BC4EAD9DC06}"
EndProject
Project("{FAE04EC0-301F-11D3-BF4B-00C04F79EFBC}") = "Builder", "Builder\Builder.csproj", "{23B1694D-4F0B-4FDC-8FB3-CBD349304EDD}"
EndProject
Global
	GlobalSection(SolutionConfigurationPlatforms) = preSolution
		Debug|Any CPU = Debug|Any CPU
		Release|Any CPU = Release|Any CPU
	EndGlobalSection
	GlobalSection(ProjectConfigurationPlatforms) = postSolution
		{4B4A31E3-0563-4856-AC6D-5BC4EAD9DC06}.Debug|Any CPU.ActiveCfg = Debug|Any CPU
		{4B4A31E3-0563-4856-AC6D-5BC4EAD9DC06}.Debug|Any CPU.Build.0 = Debug|Any CPU
		{4B4A31E3-0563-4856-AC6D-5BC4EAD9DC06}.Release|Any CPU.ActiveCfg = Release|Any CPU
		{4B4A31E3-0563-4856-AC6D-5BC4EAD9DC06}.Release|Any CPU.Build.0 = Release|Any CPU
		{23B1694D-4F0B-4FDC-8FB3-CBD349304EDD}.Debug|Any CPU.ActiveCfg = Debug|Any CPU
		{23B1694D-4F0B-4FDC-8FB3-CBD349304EDD}.Debug|Any CPU.Build.0 = Debug|Any CPU
		{23B1694D-4F0B-4FDC-8FB3-CBD349304EDD}.Release|Any CPU.ActiveCfg = Release|Any CPU
		{23B1694D-4F0B-4FDC-8FB3-CBD349304EDD}.Release|Any CPU.Build.0 = Release|Any CPU
	EndGlobalSection
	GlobalSection(SolutionProperties) = preSolution
		HideSolutionNode = FALSE
	EndGlobalSection
EndGlobal
